{
  "name": "sun3d-pro",
  "version": "1.0.0",
  "lockfileVersion": 3,
  "requires": true,
  "packages": {
    "": {
      "name": "sun3d-pro",
      "version": "1.0.0",
      "license": "MIT",
      "dependencies": {
        "three": "^0.160.0"
      },
      "optionalDependencies": {
        "electron": "^28.2.3",
        "electron-builder": "^24.9.1"
      },
      "peerDependencies": {
        "electron": ">=28"
      }
    }
  }
}
